
Microsoft Visual Studio Solution File, Format Version 12.00
# Visual Studio 2013
VisualStudioVersion = 12.0.40629.0
MinimumVisualStudioVersion = 10.0.40219.1
Project("{FAE04EC0-301F-11D3-BF4B-00C04F79EFBC}") = "RegistryLib", "RegistryLib\RegistryLib.csproj", "{D99E4C2D-2488-4821-8254-236B0A6EE70C}"
EndProject
Project("{FAE04EC0-301F-11D3-BF4B-00C04F79EFBC}") = "RegistryLibDemo", "RegistryLibDemo\RegistryLibDemo.csproj", "{732385A9-360D-4322-8245-D21BA768DA13}"
EndProject
Global
	GlobalSection(SolutionConfigurationPlatforms) = preSolution
		Debug|Any CPU = Debug|Any CPU
		Debug|Mixed Platforms = Debug|Mixed Platforms
		Debug|x86 = Debug|x86
		Release|Any CPU = Release|Any CPU
		Release|Mixed Platforms = Release|Mixed Platforms
		Release|x86 = Release|x86
	EndGlobalSection
	GlobalSection(ProjectConfigurationPlatforms) = postSolution
		{D99E4C2D-2488-4821-8254-236B0A6EE70C}.Debug|Any CPU.ActiveCfg = Debug|Any CPU
		{D99E4C2D-2488-4821-8254-236B0A6EE70C}.Debug|Any CPU.Build.0 = Debug|Any CPU
		{D99E4C2D-2488-4821-8254-236B0A6EE70C}.Debug|Mixed Platforms.ActiveCfg = Debug|Any CPU
		{D99E4C2D-2488-4821-8254-236B0A6EE70C}.Debug|Mixed Platforms.Build.0 = Debug|Any CPU
		{D99E4C2D-2488-4821-8254-236B0A6EE70C}.Debug|x86.ActiveCfg = Debug|Any CPU
		{D99E4C2D-2488-4821-8254-236B0A6EE70C}.Release|Any CPU.ActiveCfg = Release|Any CPU
		{D99E4C2D-2488-4821-8254-236B0A6EE70C}.Release|Any CPU.Build.0 = Release|Any CPU
		{D99E4C2D-2488-4821-8254-236B0A6EE70C}.Release|Mixed Platforms.ActiveCfg = Release|Any CPU
		{D99E4C2D-2488-4821-8254-236B0A6EE70C}.Release|Mixed Platforms.Build.0 = Release|Any CPU
		{D99E4C2D-2488-4821-8254-236B0A6EE70C}.Release|x86.ActiveCfg = Release|Any CPU
		{732385A9-360D-4322-8245-D21BA768DA13}.Debug|Any CPU.ActiveCfg = Debug|Any CPU
		{732385A9-360D-4322-8245-D21BA768DA13}.Debug|Any CPU.Build.0 = Debug|Any CPU
		{732385A9-360D-4322-8245-D21BA768DA13}.Debug|Mixed Platforms.ActiveCfg = Debug|Any CPU
		{732385A9-360D-4322-8245-D21BA768DA13}.Debug|Mixed Platforms.Build.0 = Debug|Any CPU
		{732385A9-360D-4322-8245-D21BA768DA13}.Debug|x86.ActiveCfg = Debug|Any CPU
		{732385A9-360D-4322-8245-D21BA768DA13}.Release|Any CPU.ActiveCfg = Release|Any CPU
		{732385A9-360D-4322-8245-D21BA768DA13}.Release|Any CPU.Build.0 = Release|Any CPU
		{732385A9-360D-4322-8245-D21BA768DA13}.Release|Mixed Platforms.ActiveCfg = Release|Any CPU
		{732385A9-360D-4322-8245-D21BA768DA13}.Release|Mixed Platforms.Build.0 = Release|Any CPU
		{732385A9-360D-4322-8245-D21BA768DA13}.Release|x86.ActiveCfg = Release|Any CPU
	EndGlobalSection
	GlobalSection(SolutionProperties) = preSolution
		HideSolutionNode = FALSE
	EndGlobalSection
EndGlobal
